// !$*UTF8*$!
{
	archiveVersion = 1;
	classes = {
	};
	objectVersion = 77;
	objects = {

/* Begin PBXBuildFile section */
		0588570B2EA8287D00EAF72B /* TopNavigationBarView.swift in Sources */ = {isa = PBXBuildFile; fileRef = 0588570A2EA8287D00EAF72B /* TopNavigationBarView.swift */; };
		0588570E2EA8432F00EAF72B /* ProfileView.swift in Sources */ = {isa = PBXBuildFile; fileRef = 0588570D2EA8432F00EAF72B /* ProfileView.swift */; };
		058857112EA8494700EAF72B /* GuardianInvitationCodeView.swift in Sources */ = {isa = PBXBuildFile; fileRef = 058857102EA8494700EAF72B /* GuardianInvitationCodeView.swift */; };
		058857132EA8581F00EAF72B /* GuardianAddSheetView.swift in Sources */ = {isa = PBXBuildFile; fileRef = 058857122EA8581F00EAF72B /* GuardianAddSheetView.swift */; };
		058857152EA8768A00EAF72B /* GuardianCodeView.swift in Sources */ = {isa = PBXBuildFile; fileRef = 058857142EA8768A00EAF72B /* GuardianCodeView.swift */; };
		05C5F0F92EA627C100C5AA86 /* Localizable.strings in Resources */ = {isa = PBXBuildFile; fileRef = 05C5F0F72EA627C100C5AA86 /* Localizable.strings */; };
		05C5F0FB2EA62D2600C5AA86 /* CapsuleTextStyle.swift in Sources */ = {isa = PBXBuildFile; fileRef = 05C5F0FA2EA62D2600C5AA86 /* CapsuleTextStyle.swift */; };
		05C5F0FD2EA63EFF00C5AA86 /* AddBabyTextFieldStyle.swift in Sources */ = {isa = PBXBuildFile; fileRef = 05C5F0FC2EA63EFF00C5AA86 /* AddBabyTextFieldStyle.swift */; };
		05CD80122EA5F81F008C0940 /* Assets.xcassets in Resources */ = {isa = PBXBuildFile; fileRef = 05CD800E2EA5F81F008C0940 /* Assets.xcassets */; };
		05CD80132EA5F81F008C0940 /* babyMoaApp.swift in Sources */ = {isa = PBXBuildFile; fileRef = 05CD800F2EA5F81F008C0940 /* babyMoaApp.swift */; };
		05CD80142EA5F81F008C0940 /* ContentView.swift in Sources */ = {isa = PBXBuildFile; fileRef = 05CD80102EA5F81F008C0940 /* ContentView.swift */; };
		05CD80182EA5FDBA008C0940 /* ButtonComponents.swift in Sources */ = {isa = PBXBuildFile; fileRef = 05CD80172EA5FDB9008C0940 /* ButtonComponents.swift */; };
		05CD801B2EA611B1008C0940 /* SessionState.swift in Sources */ = {isa = PBXBuildFile; fileRef = 05CD801A2EA611B1008C0940 /* SessionState.swift */; };
		05CD801D2EA611C0008C0940 /* SessionManager.swift in Sources */ = {isa = PBXBuildFile; fileRef = 05CD801C2EA611C0008C0940 /* SessionManager.swift */; };
		05CD80202EA61EC2008C0940 /* SignUpView.swift in Sources */ = {isa = PBXBuildFile; fileRef = 05CD801F2EA61EC2008C0940 /* SignUpView.swift */; };
		05CD80222EA61ECE008C0940 /* SignInView.swift in Sources */ = {isa = PBXBuildFile; fileRef = 05CD80212EA61ECE008C0940 /* SignInView.swift */; };
		05CD80252EA61F1E008C0940 /* AddBabyView.swift in Sources */ = {isa = PBXBuildFile; fileRef = 05CD80242EA61F1E008C0940 /* AddBabyView.swift */; };
		05CD80272EA61F2E008C0940 /* AddBabyNewView.swift in Sources */ = {isa = PBXBuildFile; fileRef = 05CD80262EA61F2E008C0940 /* AddBabyNewView.swift */; };
		05CD80292EA61F57008C0940 /* AddBabyNewYesView.swift in Sources */ = {isa = PBXBuildFile; fileRef = 05CD80282EA61F57008C0940 /* AddBabyNewYesView.swift */; };
		05CD802B2EA61FEF008C0940 /* AddBabyInvitationView.swift in Sources */ = {isa = PBXBuildFile; fileRef = 05CD802A2EA61FEF008C0940 /* AddBabyInvitationView.swift */; };
		05DB6C312EAAEEF60043E76E /* KeyChainHelper.swift in Sources */ = {isa = PBXBuildFile; fileRef = 05DB6C302EAAEEF60043E76E /* KeyChainHelper.swift */; };
		1769449C008645FE9E4FCB80 /* APIService.swift in Sources */ = {isa = PBXBuildFile; fileRef = 4805623329EB41E788220F54 /* APIService.swift */; };
		3BCEDCD2C0964E7BB776504A /* MemoryData.swift in Sources */ = {isa = PBXBuildFile; fileRef = 853C1A27B11546BCA817A1B2 /* MemoryData.swift */; };
		43FC48A93D8E4708B14FC4F5 /* GrowthViewModel.swift in Sources */ = {isa = PBXBuildFile; fileRef = 90FFC80991A844A1A14D342E /* GrowthViewModel.swift */; };
		473F163F2EAF64150028BA97 /* AddHeightView.swift in Sources */ = {isa = PBXBuildFile; fileRef = 473F163E2EAF64150028BA97 /* AddHeightView.swift */; };
		473F16412EAF641D0028BA97 /* AddWeightView.swift in Sources */ = {isa = PBXBuildFile; fileRef = 473F16402EAF641D0028BA97 /* AddWeightView.swift */; };
		473F16432EAF818E0028BA97 /* GrowthMilestoneView.swift in Sources */ = {isa = PBXBuildFile; fileRef = 473F16422EAF818E0028BA97 /* GrowthMilestoneView.swift */; };
		475CF66D2EAFC86A005AA61D /* ToothButton.swift in Sources */ = {isa = PBXBuildFile; fileRef = 475CF66C2EAFC86A005AA61D /* ToothButton.swift */; };
		475CF66E2EAFC86A005AA61D /* TeethRecordListItem.swift in Sources */ = {isa = PBXBuildFile; fileRef = 475CF66A2EAFC86A005AA61D /* TeethRecordListItem.swift */; };
		475CF66F2EAFC86A005AA61D /* TeethDiagramCard.swift in Sources */ = {isa = PBXBuildFile; fileRef = 475CF6692EAFC86A005AA61D /* TeethDiagramCard.swift */; };
		475CF6702EAFC86A005AA61D /* TeethRow.swift in Sources */ = {isa = PBXBuildFile; fileRef = 475CF66B2EAFC86A005AA61D /* TeethRow.swift */; };
		475CF6722EAFC88C005AA61D /* NewTooth.swift in Sources */ = {isa = PBXBuildFile; fileRef = 475CF6712EAFC88C005AA61D /* NewTooth.swift */; };
		475CF6742EB03EDE005AA61D /* GrowthRepository.swift in Sources */ = {isa = PBXBuildFile; fileRef = 475CF6732EB03EDE005AA61D /* GrowthRepository.swift */; };
		4785ED4B2EAE62EB00DEC298 /* GrowthBabyHeader.swift in Sources */ = {isa = PBXBuildFile; fileRef = 4785ED3F2EAE62EB00DEC298 /* GrowthBabyHeader.swift */; };
		4785ED4C2EAE62EB00DEC298 /* TeethView.swift in Sources */ = {isa = PBXBuildFile; fileRef = 4785ED492EAE62EB00DEC298 /* TeethView.swift */; };
		4785ED4D2EAE62EB00DEC298 /* GrowthMetricButton.swift in Sources */ = {isa = PBXBuildFile; fileRef = 4785ED402EAE62EB00DEC298 /* GrowthMetricButton.swift */; };
		4785ED4E2EAE62EB00DEC298 /* GrowthMilestoneCard.swift in Sources */ = {isa = PBXBuildFile; fileRef = 4785ED412EAE62EB00DEC298 /* GrowthMilestoneCard.swift */; };
		4785ED502EAE62EB00DEC298 /* MonthPickerView.swift in Sources */ = {isa = PBXBuildFile; fileRef = 4785ED482EAE62EB00DEC298 /* MonthPickerView.swift */; };
		4785ED512EAE62EB00DEC298 /* AllMilestonesButton.swift in Sources */ = {isa = PBXBuildFile; fileRef = 4785ED3E2EAE62EB00DEC298 /* AllMilestonesButton.swift */; };
		4785ED532EAE62EB00DEC298 /* AllMilestonesView.swift in Sources */ = {isa = PBXBuildFile; fileRef = 4785ED462EAE62EB00DEC298 /* AllMilestonesView.swift */; };
		4785ED542EAE62EB00DEC298 /* GrowthView.swift in Sources */ = {isa = PBXBuildFile; fileRef = 4785ED472EAE62EB00DEC298 /* GrowthView.swift */; };
		4785ED552EAE62EB00DEC298 /* TeethCard.swift in Sources */ = {isa = PBXBuildFile; fileRef = 4785ED422EAE62EB00DEC298 /* TeethCard.swift */; };
		478627CF2EB57E3F004B9568 /* HttpClient.swift in Sources */ = {isa = PBXBuildFile; fileRef = 478627CE2EB57E3F004B9568 /* HttpClient.swift */; };
		478627D12EB57F8F004B9568 /* RegisterBabyByCodeReqModel.swift in Sources */ = {isa = PBXBuildFile; fileRef = 478627D02EB57F8F004B9568 /* RegisterBabyByCodeReqModel.swift */; };
		478627D22EB57F8F004B9568 /* RegisterBabyByCodeReqModel.swift in Sources */ = {isa = PBXBuildFile; fileRef = 478627D02EB57F8F004B9568 /* RegisterBabyByCodeReqModel.swift */; };
		478627D42EB58001004B9568 /* RegisterBabyByCodeResModel.swift in Sources */ = {isa = PBXBuildFile; fileRef = 478627D32EB58001004B9568 /* RegisterBabyByCodeResModel.swift */; };
		478627D52EB58001004B9568 /* RegisterBabyByCodeResModel.swift in Sources */ = {isa = PBXBuildFile; fileRef = 478627D32EB58001004B9568 /* RegisterBabyByCodeResModel.swift */; };
		478627DD2EB5D726004B9568 /* SetRelationshipWithBabyReqModel.swift in Sources */ = {isa = PBXBuildFile; fileRef = 478627DC2EB5D726004B9568 /* SetRelationshipWithBabyReqModel.swift */; };
		478627DE2EB5D726004B9568 /* SetRelationshipWithBabyReqModel.swift in Sources */ = {isa = PBXBuildFile; fileRef = 478627DC2EB5D726004B9568 /* SetRelationshipWithBabyReqModel.swift */; };
		478627E62EB629B5004B9568 /* EmptyData.swift in Sources */ = {isa = PBXBuildFile; fileRef = 478627E52EB629B5004B9568 /* EmptyData.swift */; };
		478627E72EB629B5004B9568 /* EmptyData.swift in Sources */ = {isa = PBXBuildFile; fileRef = 478627E52EB629B5004B9568 /* EmptyData.swift */; };
		478628172EB63780004B9568 /* SetTeethStatusReqModel.swift in Sources */ = {isa = PBXBuildFile; fileRef = 478628162EB63780004B9568 /* SetTeethStatusReqModel.swift */; };
		478628182EB63780004B9568 /* SetTeethStatusReqModel.swift in Sources */ = {isa = PBXBuildFile; fileRef = 478628162EB63780004B9568 /* SetTeethStatusReqModel.swift */; };
		4786281A2EB638A6004B9568 /* GetGrowthDataReqModel.swift in Sources */ = {isa = PBXBuildFile; fileRef = 478628192EB638A6004B9568 /* GetGrowthDataReqModel.swift */; };
		4786281B2EB638A6004B9568 /* GetGrowthDataReqModel.swift in Sources */ = {isa = PBXBuildFile; fileRef = 478628192EB638A6004B9568 /* GetGrowthDataReqModel.swift */; };
		4786281D2EB638E0004B9568 /* GetGrowthDataResModel.swift in Sources */ = {isa = PBXBuildFile; fileRef = 4786281C2EB638E0004B9568 /* GetGrowthDataResModel.swift */; };
		4786281E2EB638E0004B9568 /* GetGrowthDataResModel.swift in Sources */ = {isa = PBXBuildFile; fileRef = 4786281C2EB638E0004B9568 /* GetGrowthDataResModel.swift */; };
		478628202EB64524004B9568 /* GetBabyListResModel.swift in Sources */ = {isa = PBXBuildFile; fileRef = 4786281F2EB64524004B9568 /* GetBabyListResModel.swift */; };
		478628212EB64524004B9568 /* GetBabyListResModel.swift in Sources */ = {isa = PBXBuildFile; fileRef = 4786281F2EB64524004B9568 /* GetBabyListResModel.swift */; };
		478628292EB64CD7004B9568 /* SetWeightReqModel.swift in Sources */ = {isa = PBXBuildFile; fileRef = 478628282EB64CD7004B9568 /* SetWeightReqModel.swift */; };
		4786282A2EB64CD7004B9568 /* SetWeightReqModel.swift in Sources */ = {isa = PBXBuildFile; fileRef = 478628282EB64CD7004B9568 /* SetWeightReqModel.swift */; };
		4786282F2EB64E3E004B9568 /* SetHeightReqModel.swift in Sources */ = {isa = PBXBuildFile; fileRef = 4786282E2EB64E3E004B9568 /* SetHeightReqModel.swift */; };
		478628302EB64E3E004B9568 /* SetHeightReqModel.swift in Sources */ = {isa = PBXBuildFile; fileRef = 4786282E2EB64E3E004B9568 /* SetHeightReqModel.swift */; };
		478628322EB64F41004B9568 /* GetWeightsReqModel.swift in Sources */ = {isa = PBXBuildFile; fileRef = 478628312EB64F41004B9568 /* GetWeightsReqModel.swift */; };
		478628332EB64F41004B9568 /* GetWeightsReqModel.swift in Sources */ = {isa = PBXBuildFile; fileRef = 478628312EB64F41004B9568 /* GetWeightsReqModel.swift */; };
		478628352EB65083004B9568 /* GetWeightsResModel.swift in Sources */ = {isa = PBXBuildFile; fileRef = 478628342EB65083004B9568 /* GetWeightsResModel.swift */; };
		478628362EB65083004B9568 /* GetWeightsResModel.swift in Sources */ = {isa = PBXBuildFile; fileRef = 478628342EB65083004B9568 /* GetWeightsResModel.swift */; };
		478628382EB6527A004B9568 /* GetHeightsReqModel.swift in Sources */ = {isa = PBXBuildFile; fileRef = 478628372EB6527A004B9568 /* GetHeightsReqModel.swift */; };
		478628392EB6527A004B9568 /* GetHeightsReqModel.swift in Sources */ = {isa = PBXBuildFile; fileRef = 478628372EB6527A004B9568 /* GetHeightsReqModel.swift */; };
		4786283B2EB652C9004B9568 /* GetHeightsResModel.swift in Sources */ = {isa = PBXBuildFile; fileRef = 4786283A2EB652C9004B9568 /* GetHeightsResModel.swift */; };
		4786283C2EB652C9004B9568 /* GetHeightsResModel.swift in Sources */ = {isa = PBXBuildFile; fileRef = 4786283A2EB652C9004B9568 /* GetHeightsResModel.swift */; };
		4786283F2EB6537A004B9568 /* AddJourneyReqModel.swift in Sources */ = {isa = PBXBuildFile; fileRef = 4786283E2EB6537A004B9568 /* AddJourneyReqModel.swift */; };
		478628402EB6537A004B9568 /* AddJourneyReqModel.swift in Sources */ = {isa = PBXBuildFile; fileRef = 4786283E2EB6537A004B9568 /* AddJourneyReqModel.swift */; };
		478628432EB65475004B9568 /* GetJourniesAtMonthResModel.swift in Sources */ = {isa = PBXBuildFile; fileRef = 478628422EB65473004B9568 /* GetJourniesAtMonthResModel.swift */; };
		478628442EB65475004B9568 /* GetJourniesAtMonthResModel.swift in Sources */ = {isa = PBXBuildFile; fileRef = 478628422EB65473004B9568 /* GetJourniesAtMonthResModel.swift */; };
		478628462EB6560B004B9568 /* GetJourniesAtMonthReqModel.swift in Sources */ = {isa = PBXBuildFile; fileRef = 478628452EB6560B004B9568 /* GetJourniesAtMonthReqModel.swift */; };
		478628472EB6560B004B9568 /* GetJourniesAtMonthReqModel.swift in Sources */ = {isa = PBXBuildFile; fileRef = 478628452EB6560B004B9568 /* GetJourniesAtMonthReqModel.swift */; };
		4786284B2EB657FA004B9568 /* SetBabyMilestoneReqModel.swift in Sources */ = {isa = PBXBuildFile; fileRef = 4786284A2EB657E9004B9568 /* SetBabyMilestoneReqModel.swift */; };
		4786284C2EB657FA004B9568 /* SetBabyMilestoneReqModel.swift in Sources */ = {isa = PBXBuildFile; fileRef = 4786284A2EB657E9004B9568 /* SetBabyMilestoneReqModel.swift */; };
		478628512EB658CC004B9568 /* GetBabyMilestonesReqModel.swift in Sources */ = {isa = PBXBuildFile; fileRef = 478628502EB658BA004B9568 /* GetBabyMilestonesReqModel.swift */; };
		478628522EB658CC004B9568 /* GetBabyMilestonesReqModel.swift in Sources */ = {isa = PBXBuildFile; fileRef = 478628502EB658BA004B9568 /* GetBabyMilestonesReqModel.swift */; };
		478628542EB6590A004B9568 /* GetBabyMilestonesResModel.swift in Sources */ = {isa = PBXBuildFile; fileRef = 478628532EB658F6004B9568 /* GetBabyMilestonesResModel.swift */; };
		478628552EB6590A004B9568 /* GetBabyMilestonesResModel.swift in Sources */ = {isa = PBXBuildFile; fileRef = 478628532EB658F6004B9568 /* GetBabyMilestonesResModel.swift */; };
		478628572EB661DC004B9568 /* GrowthAPIClient.swift in Sources */ = {isa = PBXBuildFile; fileRef = 478628562EB661DC004B9568 /* GrowthAPIClient.swift */; };
		478628592EB661F9004B9568 /* GrowthAPIEndpoint.swift in Sources */ = {isa = PBXBuildFile; fileRef = 478628582EB661F9004B9568 /* GrowthAPIEndpoint.swift */; };
		47C693B52EAF1902004E5273 /* HeightView.swift in Sources */ = {isa = PBXBuildFile; fileRef = 47C693B42EAF1902004E5273 /* HeightView.swift */; };
		47C693B72EAF1910004E5273 /* WeightView.swift in Sources */ = {isa = PBXBuildFile; fileRef = 47C693B62EAF1910004E5273 /* WeightView.swift */; };
		47DFD01A2EACCA4100E69E33 /* AddBabyNewNoView.swift in Sources */ = {isa = PBXBuildFile; fileRef = 47DFD0192EACCA4100E69E33 /* AddBabyNewNoView.swift */; };
		47E2F9152EB055E500EAC721 /* MainTabView.swift in Sources */ = {isa = PBXBuildFile; fileRef = 47E2F9142EB055E500EAC721 /* MainTabView.swift */; };
		47E2F9172EB0942800EAC721 /* GrowthDataManager.swift in Sources */ = {isa = PBXBuildFile; fileRef = 47E2F9162EB0942800EAC721 /* GrowthDataManager.swift */; };
		47E7D18D2EAF8A73005A9CF0 /* GrowthRecordRow.swift in Sources */ = {isa = PBXBuildFile; fileRef = 47E7D18A2EAF8A73005A9CF0 /* GrowthRecordRow.swift */; };
		47E7D18E2EAF8A73005A9CF0 /* GrowthLabeledField.swift in Sources */ = {isa = PBXBuildFile; fileRef = 47E7D1882EAF8A73005A9CF0 /* GrowthLabeledField.swift */; };
		47E7D1902EAF8A73005A9CF0 /* GrowthEmptyStateView.swift in Sources */ = {isa = PBXBuildFile; fileRef = 47E7D1872EAF8A73005A9CF0 /* GrowthEmptyStateView.swift */; };
		47E7D1912EAF8A73005A9CF0 /* GrowthBottomButton.swift in Sources */ = {isa = PBXBuildFile; fileRef = 47E7D1852EAF8A73005A9CF0 /* GrowthBottomButton.swift */; };
		47E7D1922EAF8A73005A9CF0 /* GrowthRulerInput.swift in Sources */ = {isa = PBXBuildFile; fileRef = 47E7D18B2EAF8A73005A9CF0 /* GrowthRulerInput.swift */; };
		47EB090F2EB2F61A00134E8D /* Date+Extensions.swift in Sources */ = {isa = PBXBuildFile; fileRef = 47EB090E2EB2F61A00134E8D /* Date+Extensions.swift */; };
		47EB09112EB2F63600134E8D /* FoodLibrary.swift in Sources */ = {isa = PBXBuildFile; fileRef = 47EB09102EB2F63600134E8D /* FoodLibrary.swift */; };
		47EB0A132EB2FF0000134E8D /* ImageHelper.swift in Sources */ = {isa = PBXBuildFile; fileRef = 47EB0A122EB2FF0000134E8D /* ImageHelper.swift */; };
		4A7C71C984754709B3EF085F /* GrowthData.swift in Sources */ = {isa = PBXBuildFile; fileRef = D170F4E9FFFD4366BCBA3F45 /* GrowthData.swift */; };
		936978613919405E9610A1C1 /* PhotoViewModel.swift in Sources */ = {isa = PBXBuildFile; fileRef = ECDC3BF28872420E9588A0D5 /* PhotoViewModel.swift */; };
		9FD7CDF12EB50F8200508130 /* BabyMoaEndpoint.swift in Sources */ = {isa = PBXBuildFile; fileRef = 9FD7CDF02EB50F8200508130 /* BabyMoaEndpoint.swift */; };
		9FD7CDF22EB50F8200508130 /* BabyMoaEndpoint.swift in Sources */ = {isa = PBXBuildFile; fileRef = 9FD7CDF02EB50F8200508130 /* BabyMoaEndpoint.swift */; };
		9FD7CDF42EB50F9100508130 /* BabyMoaService.swift in Sources */ = {isa = PBXBuildFile; fileRef = 9FD7CDF32EB50F9100508130 /* BabyMoaService.swift */; };
		9FD7CDF52EB50F9100508130 /* BabyMoaService.swift in Sources */ = {isa = PBXBuildFile; fileRef = 9FD7CDF32EB50F9100508130 /* BabyMoaService.swift */; };
		9FD7CDF72EB50F9600508130 /* BaseResponse.swift in Sources */ = {isa = PBXBuildFile; fileRef = 9FD7CDF62EB50F9600508130 /* BaseResponse.swift */; };
		9FD7CDF82EB50F9600508130 /* BaseResponse.swift in Sources */ = {isa = PBXBuildFile; fileRef = 9FD7CDF62EB50F9600508130 /* BaseResponse.swift */; };
		9FD7CDFA2EB50F9C00508130 /* EndPoint.swift in Sources */ = {isa = PBXBuildFile; fileRef = 9FD7CDF92EB50F9C00508130 /* EndPoint.swift */; };
		9FD7CDFB2EB50F9C00508130 /* EndPoint.swift in Sources */ = {isa = PBXBuildFile; fileRef = 9FD7CDF92EB50F9C00508130 /* EndPoint.swift */; };
		9FD7CDFD2EB50FA300508130 /* HTTPClient.swift in Sources */ = {isa = PBXBuildFile; fileRef = 9FD7CDFC2EB50FA300508130 /* HTTPClient.swift */; };
		9FD7CDFE2EB50FA300508130 /* HTTPClient.swift in Sources */ = {isa = PBXBuildFile; fileRef = 9FD7CDFC2EB50FA300508130 /* HTTPClient.swift */; };
		9FD7CE032EB50FD300508130 /* UserToken.swift in Sources */ = {isa = PBXBuildFile; fileRef = 9FD7CE012EB50FD300508130 /* UserToken.swift */; };
		9FD7CE052EB50FD300508130 /* UserDefaultWrapper.swift in Sources */ = {isa = PBXBuildFile; fileRef = 9FD7CE002EB50FD300508130 /* UserDefaultWrapper.swift */; };
		9FD7CE062EB50FD300508130 /* UserToken.swift in Sources */ = {isa = PBXBuildFile; fileRef = 9FD7CE012EB50FD300508130 /* UserToken.swift */; };
		9FD7CE082EB50FD300508130 /* UserDefaultWrapper.swift in Sources */ = {isa = PBXBuildFile; fileRef = 9FD7CE002EB50FD300508130 /* UserDefaultWrapper.swift */; };
		9FD7CE0C2EB5101500508130 /* RegisterBabyReqModel.swift in Sources */ = {isa = PBXBuildFile; fileRef = 9FD7CE0A2EB5101500508130 /* RegisterBabyReqModel.swift */; };
		9FD7CE0D2EB5101500508130 /* AppleLoginReqModel.swift in Sources */ = {isa = PBXBuildFile; fileRef = 9FD7CE092EB5101500508130 /* AppleLoginReqModel.swift */; };
		9FD7CE0E2EB5101500508130 /* RegisterBabyReqModel.swift in Sources */ = {isa = PBXBuildFile; fileRef = 9FD7CE0A2EB5101500508130 /* RegisterBabyReqModel.swift */; };
		9FD7CE0F2EB5101500508130 /* AppleLoginReqModel.swift in Sources */ = {isa = PBXBuildFile; fileRef = 9FD7CE092EB5101500508130 /* AppleLoginReqModel.swift */; };
		9FD7CE132EB5101E00508130 /* AppleLoginResModel.swift in Sources */ = {isa = PBXBuildFile; fileRef = 9FD7CE102EB5101E00508130 /* AppleLoginResModel.swift */; };
		9FD7CE142EB5101E00508130 /* RegisterBabyResModel.swift in Sources */ = {isa = PBXBuildFile; fileRef = 9FD7CE112EB5101E00508130 /* RegisterBabyResModel.swift */; };
		9FD7CE152EB5101E00508130 /* AppleLoginResModel.swift in Sources */ = {isa = PBXBuildFile; fileRef = 9FD7CE102EB5101E00508130 /* AppleLoginResModel.swift */; };
		9FD7CE162EB5101E00508130 /* RegisterBabyResModel.swift in Sources */ = {isa = PBXBuildFile; fileRef = 9FD7CE112EB5101E00508130 /* RegisterBabyResModel.swift */; };
		B699CEDFB3434646B3F3BFC7 /* BabyModel.swift in Sources */ = {isa = PBXBuildFile; fileRef = 0BB86369F97244FAB24F77AE /* BabyModel.swift */; };
		BFFA94CF318D441392F9CF49 /* LocationManager.swift in Sources */ = {isa = PBXBuildFile; fileRef = 1C6BEF68AB1C4416BE5BC3B2 /* LocationManager.swift */; };
		C8247DA4CC44432E9174A07E /* TokenManager.swift in Sources */ = {isa = PBXBuildFile; fileRef = 076226F153C5419AA5FEEB60 /* TokenManager.swift */; };
		ECBF6B3F8FD64247A6BA05A9 /* PhotoService.swift in Sources */ = {isa = PBXBuildFile; fileRef = A7FB4A36244B492F8B7DFA08 /* PhotoService.swift */; };
/* End PBXBuildFile section */

/* Begin PBXContainerItemProxy section */
		9FD7CDEB2EB50EFF00508130 /* PBXContainerItemProxy */ = {
			isa = PBXContainerItemProxy;
			containerPortal = 05CD7FF82EA5F5FF008C0940 /* Project object */;
			proxyType = 1;
			remoteGlobalIDString = 05CD7FFF2EA5F5FF008C0940;
			remoteInfo = babyMoa;
		};
/* End PBXContainerItemProxy section */

/* Begin PBXFileReference section */
		0588570A2EA8287D00EAF72B /* TopNavigationBarView.swift */ = {isa = PBXFileReference; lastKnownFileType = sourcecode.swift; path = TopNavigationBarView.swift; sourceTree = "<group>"; };
		0588570D2EA8432F00EAF72B /* ProfileView.swift */ = {isa = PBXFileReference; lastKnownFileType = sourcecode.swift; path = ProfileView.swift; sourceTree = "<group>"; };
		058857102EA8494700EAF72B /* GuardianInvitationCodeView.swift */ = {isa = PBXFileReference; lastKnownFileType = sourcecode.swift; path = GuardianInvitationCodeView.swift; sourceTree = "<group>"; };
		058857122EA8581F00EAF72B /* GuardianAddSheetView.swift */ = {isa = PBXFileReference; lastKnownFileType = sourcecode.swift; path = GuardianAddSheetView.swift; sourceTree = "<group>"; };
		058857142EA8768A00EAF72B /* GuardianCodeView.swift */ = {isa = PBXFileReference; lastKnownFileType = sourcecode.swift; path = GuardianCodeView.swift; sourceTree = "<group>"; };
		05C5F0F82EA627C100C5AA86 /* ko */ = {isa = PBXFileReference; lastKnownFileType = text.plist.strings; name = ko; path = ko.lproj/Localizable.strings; sourceTree = "<group>"; };
		05C5F0FA2EA62D2600C5AA86 /* CapsuleTextStyle.swift */ = {isa = PBXFileReference; lastKnownFileType = sourcecode.swift; path = CapsuleTextStyle.swift; sourceTree = "<group>"; };
		05C5F0FC2EA63EFF00C5AA86 /* AddBabyTextFieldStyle.swift */ = {isa = PBXFileReference; lastKnownFileType = sourcecode.swift; path = AddBabyTextFieldStyle.swift; sourceTree = "<group>"; };
		05CD80002EA5F5FF008C0940 /* babyMoa.app */ = {isa = PBXFileReference; explicitFileType = wrapper.application; includeInIndex = 0; path = babyMoa.app; sourceTree = BUILT_PRODUCTS_DIR; };
		05CD800E2EA5F81F008C0940 /* Assets.xcassets */ = {isa = PBXFileReference; lastKnownFileType = folder.assetcatalog; path = Assets.xcassets; sourceTree = "<group>"; };
		05CD800F2EA5F81F008C0940 /* babyMoaApp.swift */ = {isa = PBXFileReference; lastKnownFileType = sourcecode.swift; path = babyMoaApp.swift; sourceTree = "<group>"; };
		05CD80102EA5F81F008C0940 /* ContentView.swift */ = {isa = PBXFileReference; lastKnownFileType = sourcecode.swift; path = ContentView.swift; sourceTree = "<group>"; };
		05CD80172EA5FDB9008C0940 /* ButtonComponents.swift */ = {isa = PBXFileReference; lastKnownFileType = sourcecode.swift; path = ButtonComponents.swift; sourceTree = "<group>"; };
		05CD801A2EA611B1008C0940 /* SessionState.swift */ = {isa = PBXFileReference; lastKnownFileType = sourcecode.swift; path = SessionState.swift; sourceTree = "<group>"; };
		05CD801C2EA611C0008C0940 /* SessionManager.swift */ = {isa = PBXFileReference; lastKnownFileType = sourcecode.swift; path = SessionManager.swift; sourceTree = "<group>"; };
		05CD801F2EA61EC2008C0940 /* SignUpView.swift */ = {isa = PBXFileReference; lastKnownFileType = sourcecode.swift; path = SignUpView.swift; sourceTree = "<group>"; };
		05CD80212EA61ECE008C0940 /* SignInView.swift */ = {isa = PBXFileReference; lastKnownFileType = sourcecode.swift; path = SignInView.swift; sourceTree = "<group>"; };
		05CD80242EA61F1E008C0940 /* AddBabyView.swift */ = {isa = PBXFileReference; lastKnownFileType = sourcecode.swift; path = AddBabyView.swift; sourceTree = "<group>"; };
		05CD80262EA61F2E008C0940 /* AddBabyNewView.swift */ = {isa = PBXFileReference; lastKnownFileType = sourcecode.swift; path = AddBabyNewView.swift; sourceTree = "<group>"; };
		05CD80282EA61F57008C0940 /* AddBabyNewYesView.swift */ = {isa = PBXFileReference; lastKnownFileType = sourcecode.swift; path = AddBabyNewYesView.swift; sourceTree = "<group>"; };
		05CD802A2EA61FEF008C0940 /* AddBabyInvitationView.swift */ = {isa = PBXFileReference; lastKnownFileType = sourcecode.swift; path = AddBabyInvitationView.swift; sourceTree = "<group>"; };
		05DB6C302EAAEEF60043E76E /* KeyChainHelper.swift */ = {isa = PBXFileReference; lastKnownFileType = sourcecode.swift; path = KeyChainHelper.swift; sourceTree = "<group>"; };
		076226F153C5419AA5FEEB60 /* TokenManager.swift */ = {isa = PBXFileReference; lastKnownFileType = sourcecode.swift; path = TokenManager.swift; sourceTree = "<group>"; };
		0BB86369F97244FAB24F77AE /* BabyModel.swift */ = {isa = PBXFileReference; lastKnownFileType = sourcecode.swift; path = BabyModel.swift; sourceTree = "<group>"; };
		1C6BEF68AB1C4416BE5BC3B2 /* LocationManager.swift */ = {isa = PBXFileReference; lastKnownFileType = sourcecode.swift; path = LocationManager.swift; sourceTree = "<group>"; };
		473F163E2EAF64150028BA97 /* AddHeightView.swift */ = {isa = PBXFileReference; lastKnownFileType = sourcecode.swift; path = AddHeightView.swift; sourceTree = "<group>"; };
		473F16402EAF641D0028BA97 /* AddWeightView.swift */ = {isa = PBXFileReference; lastKnownFileType = sourcecode.swift; path = AddWeightView.swift; sourceTree = "<group>"; };
		473F16422EAF818E0028BA97 /* GrowthMilestoneView.swift */ = {isa = PBXFileReference; lastKnownFileType = sourcecode.swift; path = GrowthMilestoneView.swift; sourceTree = "<group>"; };
		475CF6692EAFC86A005AA61D /* TeethDiagramCard.swift */ = {isa = PBXFileReference; lastKnownFileType = sourcecode.swift; path = TeethDiagramCard.swift; sourceTree = "<group>"; };
		475CF66A2EAFC86A005AA61D /* TeethRecordListItem.swift */ = {isa = PBXFileReference; lastKnownFileType = sourcecode.swift; path = TeethRecordListItem.swift; sourceTree = "<group>"; };
		475CF66B2EAFC86A005AA61D /* TeethRow.swift */ = {isa = PBXFileReference; lastKnownFileType = sourcecode.swift; path = TeethRow.swift; sourceTree = "<group>"; };
		475CF66C2EAFC86A005AA61D /* ToothButton.swift */ = {isa = PBXFileReference; lastKnownFileType = sourcecode.swift; path = ToothButton.swift; sourceTree = "<group>"; };
		475CF6712EAFC88C005AA61D /* NewTooth.swift */ = {isa = PBXFileReference; lastKnownFileType = sourcecode.swift; path = NewTooth.swift; sourceTree = "<group>"; };
		475CF6732EB03EDE005AA61D /* GrowthRepository.swift */ = {isa = PBXFileReference; lastKnownFileType = sourcecode.swift; path = GrowthRepository.swift; sourceTree = "<group>"; };
		4785ED3E2EAE62EB00DEC298 /* AllMilestonesButton.swift */ = {isa = PBXFileReference; lastKnownFileType = sourcecode.swift; path = AllMilestonesButton.swift; sourceTree = "<group>"; };
		4785ED3F2EAE62EB00DEC298 /* GrowthBabyHeader.swift */ = {isa = PBXFileReference; lastKnownFileType = sourcecode.swift; path = GrowthBabyHeader.swift; sourceTree = "<group>"; };
		4785ED402EAE62EB00DEC298 /* GrowthMetricButton.swift */ = {isa = PBXFileReference; lastKnownFileType = sourcecode.swift; path = GrowthMetricButton.swift; sourceTree = "<group>"; };
		4785ED412EAE62EB00DEC298 /* GrowthMilestoneCard.swift */ = {isa = PBXFileReference; lastKnownFileType = sourcecode.swift; path = GrowthMilestoneCard.swift; sourceTree = "<group>"; };
		4785ED422EAE62EB00DEC298 /* TeethCard.swift */ = {isa = PBXFileReference; lastKnownFileType = sourcecode.swift; path = TeethCard.swift; sourceTree = "<group>"; };
		4785ED462EAE62EB00DEC298 /* AllMilestonesView.swift */ = {isa = PBXFileReference; lastKnownFileType = sourcecode.swift; path = AllMilestonesView.swift; sourceTree = "<group>"; };
		4785ED472EAE62EB00DEC298 /* GrowthView.swift */ = {isa = PBXFileReference; lastKnownFileType = sourcecode.swift; path = GrowthView.swift; sourceTree = "<group>"; };
		4785ED482EAE62EB00DEC298 /* MonthPickerView.swift */ = {isa = PBXFileReference; lastKnownFileType = sourcecode.swift; path = MonthPickerView.swift; sourceTree = "<group>"; };
		4785ED492EAE62EB00DEC298 /* TeethView.swift */ = {isa = PBXFileReference; lastKnownFileType = sourcecode.swift; path = TeethView.swift; sourceTree = "<group>"; };
		478627CE2EB57E3F004B9568 /* HttpClient.swift */ = {isa = PBXFileReference; lastKnownFileType = sourcecode.swift; path = HttpClient.swift; sourceTree = "<group>"; };
		478627D02EB57F8F004B9568 /* RegisterBabyByCodeReqModel.swift */ = {isa = PBXFileReference; lastKnownFileType = sourcecode.swift; path = RegisterBabyByCodeReqModel.swift; sourceTree = "<group>"; };
		478627D32EB58001004B9568 /* RegisterBabyByCodeResModel.swift */ = {isa = PBXFileReference; lastKnownFileType = sourcecode.swift; path = RegisterBabyByCodeResModel.swift; sourceTree = "<group>"; };
		478627DC2EB5D726004B9568 /* SetRelationshipWithBabyReqModel.swift */ = {isa = PBXFileReference; lastKnownFileType = sourcecode.swift; path = SetRelationshipWithBabyReqModel.swift; sourceTree = "<group>"; };
		478627E52EB629B5004B9568 /* EmptyData.swift */ = {isa = PBXFileReference; lastKnownFileType = sourcecode.swift; path = EmptyData.swift; sourceTree = "<group>"; };
		478628162EB63780004B9568 /* SetTeethStatusReqModel.swift */ = {isa = PBXFileReference; lastKnownFileType = sourcecode.swift; path = SetTeethStatusReqModel.swift; sourceTree = "<group>"; };
		478628192EB638A6004B9568 /* GetGrowthDataReqModel.swift */ = {isa = PBXFileReference; lastKnownFileType = sourcecode.swift; path = GetGrowthDataReqModel.swift; sourceTree = "<group>"; };
		4786281C2EB638E0004B9568 /* GetGrowthDataResModel.swift */ = {isa = PBXFileReference; lastKnownFileType = sourcecode.swift; path = GetGrowthDataResModel.swift; sourceTree = "<group>"; };
		4786281F2EB64524004B9568 /* GetBabyListResModel.swift */ = {isa = PBXFileReference; lastKnownFileType = sourcecode.swift; path = GetBabyListResModel.swift; sourceTree = "<group>"; };
		478628282EB64CD7004B9568 /* SetWeightReqModel.swift */ = {isa = PBXFileReference; lastKnownFileType = sourcecode.swift; path = SetWeightReqModel.swift; sourceTree = "<group>"; };
		4786282E2EB64E3E004B9568 /* SetHeightReqModel.swift */ = {isa = PBXFileReference; lastKnownFileType = sourcecode.swift; path = SetHeightReqModel.swift; sourceTree = "<group>"; };
		478628312EB64F41004B9568 /* GetWeightsReqModel.swift */ = {isa = PBXFileReference; lastKnownFileType = sourcecode.swift; path = GetWeightsReqModel.swift; sourceTree = "<group>"; };
		478628342EB65083004B9568 /* GetWeightsResModel.swift */ = {isa = PBXFileReference; lastKnownFileType = sourcecode.swift; path = GetWeightsResModel.swift; sourceTree = "<group>"; };
		478628372EB6527A004B9568 /* GetHeightsReqModel.swift */ = {isa = PBXFileReference; lastKnownFileType = sourcecode.swift; path = GetHeightsReqModel.swift; sourceTree = "<group>"; };
		4786283A2EB652C9004B9568 /* GetHeightsResModel.swift */ = {isa = PBXFileReference; lastKnownFileType = sourcecode.swift; path = GetHeightsResModel.swift; sourceTree = "<group>"; };
		4786283E2EB6537A004B9568 /* AddJourneyReqModel.swift */ = {isa = PBXFileReference; lastKnownFileType = sourcecode.swift; path = AddJourneyReqModel.swift; sourceTree = "<group>"; };
		478628422EB65473004B9568 /* GetJourniesAtMonthResModel.swift */ = {isa = PBXFileReference; lastKnownFileType = sourcecode.swift; path = GetJourniesAtMonthResModel.swift; sourceTree = "<group>"; };
		478628452EB6560B004B9568 /* GetJourniesAtMonthReqModel.swift */ = {isa = PBXFileReference; lastKnownFileType = sourcecode.swift; path = GetJourniesAtMonthReqModel.swift; sourceTree = "<group>"; };
		4786284A2EB657E9004B9568 /* SetBabyMilestoneReqModel.swift */ = {isa = PBXFileReference; lastKnownFileType = sourcecode.swift; path = SetBabyMilestoneReqModel.swift; sourceTree = "<group>"; };
		478628502EB658BA004B9568 /* GetBabyMilestonesReqModel.swift */ = {isa = PBXFileReference; lastKnownFileType = sourcecode.swift; path = GetBabyMilestonesReqModel.swift; sourceTree = "<group>"; };
		478628532EB658F6004B9568 /* GetBabyMilestonesResModel.swift */ = {isa = PBXFileReference; lastKnownFileType = sourcecode.swift; path = GetBabyMilestonesResModel.swift; sourceTree = "<group>"; };
		478628562EB661DC004B9568 /* GrowthAPIClient.swift */ = {isa = PBXFileReference; lastKnownFileType = sourcecode.swift; path = GrowthAPIClient.swift; sourceTree = "<group>"; };
		478628582EB661F9004B9568 /* GrowthAPIEndpoint.swift */ = {isa = PBXFileReference; lastKnownFileType = sourcecode.swift; path = GrowthAPIEndpoint.swift; sourceTree = "<group>"; };
		47C693B32EAF17ED004E5273 /* Info.plist */ = {isa = PBXFileReference; lastKnownFileType = text.plist.xml; path = Info.plist; sourceTree = "<group>"; };
		47C693B42EAF1902004E5273 /* HeightView.swift */ = {isa = PBXFileReference; lastKnownFileType = sourcecode.swift; path = HeightView.swift; sourceTree = "<group>"; };
		47C693B62EAF1910004E5273 /* WeightView.swift */ = {isa = PBXFileReference; lastKnownFileType = sourcecode.swift; path = WeightView.swift; sourceTree = "<group>"; };
		47DFD0192EACCA4100E69E33 /* AddBabyNewNoView.swift */ = {isa = PBXFileReference; lastKnownFileType = sourcecode.swift; path = AddBabyNewNoView.swift; sourceTree = "<group>"; };
		47E2F9142EB055E500EAC721 /* MainTabView.swift */ = {isa = PBXFileReference; lastKnownFileType = sourcecode.swift; path = MainTabView.swift; sourceTree = "<group>"; };
		47E2F9162EB0942800EAC721 /* GrowthDataManager.swift */ = {isa = PBXFileReference; lastKnownFileType = sourcecode.swift; path = GrowthDataManager.swift; sourceTree = "<group>"; };
		47E7D1852EAF8A73005A9CF0 /* GrowthBottomButton.swift */ = {isa = PBXFileReference; lastKnownFileType = sourcecode.swift; path = GrowthBottomButton.swift; sourceTree = "<group>"; };
		47E7D1872EAF8A73005A9CF0 /* GrowthEmptyStateView.swift */ = {isa = PBXFileReference; lastKnownFileType = sourcecode.swift; path = GrowthEmptyStateView.swift; sourceTree = "<group>"; };
		47E7D1882EAF8A73005A9CF0 /* GrowthLabeledField.swift */ = {isa = PBXFileReference; lastKnownFileType = sourcecode.swift; path = GrowthLabeledField.swift; sourceTree = "<group>"; };
		47E7D18A2EAF8A73005A9CF0 /* GrowthRecordRow.swift */ = {isa = PBXFileReference; lastKnownFileType = sourcecode.swift; path = GrowthRecordRow.swift; sourceTree = "<group>"; };
		47E7D18B2EAF8A73005A9CF0 /* GrowthRulerInput.swift */ = {isa = PBXFileReference; lastKnownFileType = sourcecode.swift; path = GrowthRulerInput.swift; sourceTree = "<group>"; };
		47EB090E2EB2F61A00134E8D /* Date+Extensions.swift */ = {isa = PBXFileReference; lastKnownFileType = sourcecode.swift; path = "Date+Extensions.swift"; sourceTree = "<group>"; };
		47EB09102EB2F63600134E8D /* FoodLibrary.swift */ = {isa = PBXFileReference; lastKnownFileType = sourcecode.swift; path = FoodLibrary.swift; sourceTree = "<group>"; };
		47EB0A122EB2FF0000134E8D /* ImageHelper.swift */ = {isa = PBXFileReference; lastKnownFileType = sourcecode.swift; path = ImageHelper.swift; sourceTree = "<group>"; };
		4805623329EB41E788220F54 /* APIService.swift */ = {isa = PBXFileReference; lastKnownFileType = sourcecode.swift; path = APIService.swift; sourceTree = "<group>"; };
		853C1A27B11546BCA817A1B2 /* MemoryData.swift */ = {isa = PBXFileReference; lastKnownFileType = sourcecode.swift; path = MemoryData.swift; sourceTree = "<group>"; };
		90FFC80991A844A1A14D342E /* GrowthViewModel.swift */ = {isa = PBXFileReference; lastKnownFileType = sourcecode.swift; path = GrowthViewModel.swift; sourceTree = "<group>"; };
		9FD7CDE72EB50EFF00508130 /* babyMoaTests.xctest */ = {isa = PBXFileReference; explicitFileType = wrapper.cfbundle; includeInIndex = 0; path = babyMoaTests.xctest; sourceTree = BUILT_PRODUCTS_DIR; };
		9FD7CDF02EB50F8200508130 /* BabyMoaEndpoint.swift */ = {isa = PBXFileReference; lastKnownFileType = sourcecode.swift; path = BabyMoaEndpoint.swift; sourceTree = "<group>"; };
		9FD7CDF32EB50F9100508130 /* BabyMoaService.swift */ = {isa = PBXFileReference; lastKnownFileType = sourcecode.swift; path = BabyMoaService.swift; sourceTree = "<group>"; };
		9FD7CDF62EB50F9600508130 /* BaseResponse.swift */ = {isa = PBXFileReference; lastKnownFileType = sourcecode.swift; path = BaseResponse.swift; sourceTree = "<group>"; };
		9FD7CDF92EB50F9C00508130 /* EndPoint.swift */ = {isa = PBXFileReference; lastKnownFileType = sourcecode.swift; path = EndPoint.swift; sourceTree = "<group>"; };
		9FD7CDFC2EB50FA300508130 /* HTTPClient.swift */ = {isa = PBXFileReference; lastKnownFileType = sourcecode.swift; path = HTTPClient.swift; sourceTree = "<group>"; };
		9FD7CE002EB50FD300508130 /* UserDefaultWrapper.swift */ = {isa = PBXFileReference; lastKnownFileType = sourcecode.swift; path = UserDefaultWrapper.swift; sourceTree = "<group>"; };
		9FD7CE012EB50FD300508130 /* UserToken.swift */ = {isa = PBXFileReference; lastKnownFileType = sourcecode.swift; path = UserToken.swift; sourceTree = "<group>"; };
		9FD7CE092EB5101500508130 /* AppleLoginReqModel.swift */ = {isa = PBXFileReference; lastKnownFileType = sourcecode.swift; path = AppleLoginReqModel.swift; sourceTree = "<group>"; };
		9FD7CE0A2EB5101500508130 /* RegisterBabyReqModel.swift */ = {isa = PBXFileReference; lastKnownFileType = sourcecode.swift; path = RegisterBabyReqModel.swift; sourceTree = "<group>"; };
		9FD7CE102EB5101E00508130 /* AppleLoginResModel.swift */ = {isa = PBXFileReference; lastKnownFileType = sourcecode.swift; path = AppleLoginResModel.swift; sourceTree = "<group>"; };
		9FD7CE112EB5101E00508130 /* RegisterBabyResModel.swift */ = {isa = PBXFileReference; lastKnownFileType = sourcecode.swift; path = RegisterBabyResModel.swift; sourceTree = "<group>"; };
		A7FB4A36244B492F8B7DFA08 /* PhotoService.swift */ = {isa = PBXFileReference; lastKnownFileType = sourcecode.swift; path = PhotoService.swift; sourceTree = "<group>"; };
		D170F4E9FFFD4366BCBA3F45 /* GrowthData.swift */ = {isa = PBXFileReference; lastKnownFileType = sourcecode.swift; path = GrowthData.swift; sourceTree = "<group>"; };
		ECDC3BF28872420E9588A0D5 /* PhotoViewModel.swift */ = {isa = PBXFileReference; lastKnownFileType = sourcecode.swift; path = PhotoViewModel.swift; sourceTree = "<group>"; };
/* End PBXFileReference section */

/* Begin PBXFileSystemSynchronizedBuildFileExceptionSet section */
		9FD7CE442EB510FE00508130 /* Exceptions for "babyMoaTests" folder in "babyMoaTests" target */ = {
			isa = PBXFileSystemSynchronizedBuildFileExceptionSet;
			membershipExceptions = (
				Info.plist,
			);
			target = 9FD7CDE62EB50EFF00508130 /* babyMoaTests */;
		};
/* End PBXFileSystemSynchronizedBuildFileExceptionSet section */

/* Begin PBXFileSystemSynchronizedRootGroup section */
		47E2F9182EB0D38700EAC721 /* Baby */ = {
			isa = PBXFileSystemSynchronizedRootGroup;
			path = Baby;
			sourceTree = "<group>";
		};
		47EB090C2EB2F5EF00134E8D /* DTOs */ = {
			isa = PBXFileSystemSynchronizedRootGroup;
			path = DTOs;
			sourceTree = "<group>";
		};
		47EB09142EB2F64200134E8D /* Food */ = {
			isa = PBXFileSystemSynchronizedRootGroup;
			path = Food;
			sourceTree = "<group>";
		};
		47EB09252EB2F7D700134E8D /* Recommend */ = {
			isa = PBXFileSystemSynchronizedRootGroup;
			path = Recommend;
			sourceTree = "<group>";
		};
		47EB09282EB2F7E200134E8D /* Food */ = {
			isa = PBXFileSystemSynchronizedRootGroup;
			path = Food;
			sourceTree = "<group>";
		};
		47EB09302EB2F7EA00134E8D /* DesignSystem */ = {
			isa = PBXFileSystemSynchronizedRootGroup;
			path = DesignSystem;
			sourceTree = "<group>";
		};
		9FD7CDE82EB50EFF00508130 /* babyMoaTests */ = {
			isa = PBXFileSystemSynchronizedRootGroup;
			exceptions = (
				9FD7CE442EB510FE00508130 /* Exceptions for "babyMoaTests" folder in "babyMoaTests" target */,
			);
			path = babyMoaTests;
			sourceTree = "<group>";
		};
/* End PBXFileSystemSynchronizedRootGroup section */

/* Begin PBXFrameworksBuildPhase section */
		05CD7FFD2EA5F5FF008C0940 /* Frameworks */ = {
			isa = PBXFrameworksBuildPhase;
			buildActionMask = 2147483647;
			files = (
			);
			runOnlyForDeploymentPostprocessing = 0;
		};
		9FD7CDE42EB50EFF00508130 /* Frameworks */ = {
			isa = PBXFrameworksBuildPhase;
			buildActionMask = 2147483647;
			files = (
			);
			runOnlyForDeploymentPostprocessing = 0;
		};
/* End PBXFrameworksBuildPhase section */

/* Begin PBXGroup section */
		0588570C2EA8431C00EAF72B /* Settings */ = {
			isa = PBXGroup;
			children = (
				058857122EA8581F00EAF72B /* GuardianAddSheetView.swift */,
				0588570D2EA8432F00EAF72B /* ProfileView.swift */,
			);
			path = Settings;
			sourceTree = "<group>";
		};
		0588570F2EA8486000EAF72B /* Guardian */ = {
			isa = PBXGroup;
			children = (
				058857102EA8494700EAF72B /* GuardianInvitationCodeView.swift */,
				058857142EA8768A00EAF72B /* GuardianCodeView.swift */,
			);
			path = Guardian;
			sourceTree = "<group>";
		};
		05C5F0F62EA6278D00C5AA86 /* Strings */ = {
			isa = PBXGroup;
			children = (
				05C5F0F72EA627C100C5AA86 /* Localizable.strings */,
			);
			path = Strings;
			sourceTree = "<group>";
		};
		05C5F0FE2EA65DCC00C5AA86 /* Auth */ = {
			isa = PBXGroup;
			children = (
				05CD801F2EA61EC2008C0940 /* SignUpView.swift */,
				05CD80212EA61ECE008C0940 /* SignInView.swift */,
			);
			path = Auth;
			sourceTree = "<group>";
		};
		05C5F0FF2EA73A3200C5AA86 /* Network */ = {
			isa = PBXGroup;
			children = (
				478628562EB661DC004B9568 /* GrowthAPIClient.swift */,
				478628582EB661F9004B9568 /* GrowthAPIEndpoint.swift */,
				47EB090C2EB2F5EF00134E8D /* DTOs */,
				9FD7CDF02EB50F8200508130 /* BabyMoaEndpoint.swift */,
				9FD7CDF32EB50F9100508130 /* BabyMoaService.swift */,
				9FD7CDF62EB50F9600508130 /* BaseResponse.swift */,
				9FD7CDF92EB50F9C00508130 /* EndPoint.swift */,
				9FD7CDFC2EB50FA300508130 /* HTTPClient.swift */,
				9FD7CE0B2EB5101500508130 /* RequestModel */,
				9FD7CE122EB5101E00508130 /* ResponseModel */,
				478627E52EB629B5004B9568 /* EmptyData.swift */,
			);
			path = Network;
			sourceTree = "<group>";
		};
		05CD7FF72EA5F5FF008C0940 = {
			isa = PBXGroup;
			children = (
				05CD80112EA5F81F008C0940 /* babyMoa */,
				9FD7CDE82EB50EFF00508130 /* babyMoaTests */,
				05CD80012EA5F5FF008C0940 /* Products */,
			);
			sourceTree = "<group>";
		};
		05CD80012EA5F5FF008C0940 /* Products */ = {
			isa = PBXGroup;
			children = (
				05CD80002EA5F5FF008C0940 /* babyMoa.app */,
				9FD7CDE72EB50EFF00508130 /* babyMoaTests.xctest */,
			);
			name = Products;
			sourceTree = "<group>";
		};
		05CD80112EA5F81F008C0940 /* babyMoa */ = {
			isa = PBXGroup;
			children = (
				47C693B32EAF17ED004E5273 /* Info.plist */,
				8D1369C5D1734E50B45FF3FC /* Utilities */,
				803C4904B29A435F86D9C039 /* Repositories */,
				2C91162A55654672B5921828 /* Services */,
				6E64AFDD61054DEC8F1C8400 /* ViewModels */,
				195E3CA8B4CD48E3B3F7B4E7 /* Models */,
				05DB6C2F2EAAEEDE0043E76E /* Helper */,
				05C5F0FF2EA73A3200C5AA86 /* Network */,
				05C5F0F62EA6278D00C5AA86 /* Strings */,
				05CD801E2EA61EAF008C0940 /* Views */,
				05CD80192EA61191008C0940 /* Manager */,
				05CD80152EA5FD98008C0940 /* Components */,
				05CD800E2EA5F81F008C0940 /* Assets.xcassets */,
				05CD800F2EA5F81F008C0940 /* babyMoaApp.swift */,
				05CD80102EA5F81F008C0940 /* ContentView.swift */,
			);
			path = babyMoa;
			sourceTree = "<group>";
		};
		05CD80152EA5FD98008C0940 /* Components */ = {
			isa = PBXGroup;
			children = (
				05CD80172EA5FDB9008C0940 /* ButtonComponents.swift */,
				05C5F0FA2EA62D2600C5AA86 /* CapsuleTextStyle.swift */,
				05C5F0FC2EA63EFF00C5AA86 /* AddBabyTextFieldStyle.swift */,
				0588570A2EA8287D00EAF72B /* TopNavigationBarView.swift */,
			);
			path = Components;
			sourceTree = "<group>";
		};
		05CD80192EA61191008C0940 /* Manager */ = {
			isa = PBXGroup;
			children = (
				05CD801A2EA611B1008C0940 /* SessionState.swift */,
				05CD801C2EA611C0008C0940 /* SessionManager.swift */,
				076226F153C5419AA5FEEB60 /* TokenManager.swift */,
			);
			path = Manager;
			sourceTree = "<group>";
		};
		05CD801E2EA61EAF008C0940 /* Views */ = {
			isa = PBXGroup;
			children = (
				47EB09302EB2F7EA00134E8D /* DesignSystem */,
				47EB09282EB2F7E200134E8D /* Food */,
				47EB09252EB2F7D700134E8D /* Recommend */,
				47E2F9182EB0D38700EAC721 /* Baby */,
				0588570F2EA8486000EAF72B /* Guardian */,
				0588570C2EA8431C00EAF72B /* Settings */,
				05C5F0FE2EA65DCC00C5AA86 /* Auth */,
				05CD80232EA61F03008C0940 /* AddBaby */,
				4785ED4A2EAE62EB00DEC298 /* Growth */,
				47E2F9142EB055E500EAC721 /* MainTabView.swift */,
			);
			path = Views;
			sourceTree = "<group>";
		};
		05CD80232EA61F03008C0940 /* AddBaby */ = {
			isa = PBXGroup;
			children = (
				05CD80242EA61F1E008C0940 /* AddBabyView.swift */,
				05CD80262EA61F2E008C0940 /* AddBabyNewView.swift */,
				05CD80282EA61F57008C0940 /* AddBabyNewYesView.swift */,
				47DFD0192EACCA4100E69E33 /* AddBabyNewNoView.swift */,
				05CD802A2EA61FEF008C0940 /* AddBabyInvitationView.swift */,
			);
			path = AddBaby;
			sourceTree = "<group>";
		};
		05DB6C2F2EAAEEDE0043E76E /* Helper */ = {
			isa = PBXGroup;
			children = (
				05DB6C302EAAEEF60043E76E /* KeyChainHelper.swift */,
			);
			path = Helper;
			sourceTree = "<group>";
		};
		195E3CA8B4CD48E3B3F7B4E7 /* Models */ = {
			isa = PBXGroup;
			children = (
				47EB09142EB2F64200134E8D /* Food */,
				475CF6712EAFC88C005AA61D /* NewTooth.swift */,
				0BB86369F97244FAB24F77AE /* BabyModel.swift */,
				853C1A27B11546BCA817A1B2 /* MemoryData.swift */,
				D170F4E9FFFD4366BCBA3F45 /* GrowthData.swift */,
			);
			path = Models;
			sourceTree = "<group>";
		};
		2C91162A55654672B5921828 /* Services */ = {
			isa = PBXGroup;
			children = (
				478627CE2EB57E3F004B9568 /* HttpClient.swift */,
				47E2F9162EB0942800EAC721 /* GrowthDataManager.swift */,
				4805623329EB41E788220F54 /* APIService.swift */,
				A7FB4A36244B492F8B7DFA08 /* PhotoService.swift */,
			);
			path = Services;
			sourceTree = "<group>";
		};
		4785ED432EAE62EB00DEC298 /* Components */ = {
			isa = PBXGroup;
			children = (
				475CF6692EAFC86A005AA61D /* TeethDiagramCard.swift */,
				475CF66A2EAFC86A005AA61D /* TeethRecordListItem.swift */,
				475CF66B2EAFC86A005AA61D /* TeethRow.swift */,
				475CF66C2EAFC86A005AA61D /* ToothButton.swift */,
				47E7D1852EAF8A73005A9CF0 /* GrowthBottomButton.swift */,
				47E7D1872EAF8A73005A9CF0 /* GrowthEmptyStateView.swift */,
				47E7D1882EAF8A73005A9CF0 /* GrowthLabeledField.swift */,
				47E7D18A2EAF8A73005A9CF0 /* GrowthRecordRow.swift */,
				47E7D18B2EAF8A73005A9CF0 /* GrowthRulerInput.swift */,
				4785ED3E2EAE62EB00DEC298 /* AllMilestonesButton.swift */,
				4785ED3F2EAE62EB00DEC298 /* GrowthBabyHeader.swift */,
				4785ED402EAE62EB00DEC298 /* GrowthMetricButton.swift */,
				4785ED412EAE62EB00DEC298 /* GrowthMilestoneCard.swift */,
				4785ED422EAE62EB00DEC298 /* TeethCard.swift */,
			);
			path = Components;
			sourceTree = "<group>";
		};
		4785ED4A2EAE62EB00DEC298 /* Growth */ = {
			isa = PBXGroup;
			children = (
				4785ED432EAE62EB00DEC298 /* Components */,
				4785ED462EAE62EB00DEC298 /* AllMilestonesView.swift */,
				4785ED472EAE62EB00DEC298 /* GrowthView.swift */,
				4785ED482EAE62EB00DEC298 /* MonthPickerView.swift */,
				4785ED492EAE62EB00DEC298 /* TeethView.swift */,
				47C693B42EAF1902004E5273 /* HeightView.swift */,
				47C693B62EAF1910004E5273 /* WeightView.swift */,
				473F163E2EAF64150028BA97 /* AddHeightView.swift */,
				473F16402EAF641D0028BA97 /* AddWeightView.swift */,
				473F16422EAF818E0028BA97 /* GrowthMilestoneView.swift */,
			);
			path = Growth;
			sourceTree = "<group>";
		};
		478628242EB6480A004B9568 /* BabyReq */ = {
			isa = PBXGroup;
			children = (
				478628192EB638A6004B9568 /* GetGrowthDataReqModel.swift */,
				478627D02EB57F8F004B9568 /* RegisterBabyByCodeReqModel.swift */,
				9FD7CE0A2EB5101500508130 /* RegisterBabyReqModel.swift */,
				478627DC2EB5D726004B9568 /* SetRelationshipWithBabyReqModel.swift */,
				478628162EB63780004B9568 /* SetTeethStatusReqModel.swift */,
			);
			path = BabyReq;
			sourceTree = "<group>";
		};
		478628252EB64834004B9568 /* BabyRes */ = {
			isa = PBXGroup;
			children = (
				4786281F2EB64524004B9568 /* GetBabyListResModel.swift */,
				4786281C2EB638E0004B9568 /* GetGrowthDataResModel.swift */,
				478627D32EB58001004B9568 /* RegisterBabyByCodeResModel.swift */,
				9FD7CE112EB5101E00508130 /* RegisterBabyResModel.swift */,
			);
			path = BabyRes;
			sourceTree = "<group>";
		};
		478628262EB648EF004B9568 /* GrowthStatusReq */ = {
			isa = PBXGroup;
			children = (
				478628282EB64CD7004B9568 /* SetWeightReqModel.swift */,
				4786282E2EB64E3E004B9568 /* SetHeightReqModel.swift */,
				478628312EB64F41004B9568 /* GetWeightsReqModel.swift */,
				478628372EB6527A004B9568 /* GetHeightsReqModel.swift */,
			);
			path = GrowthStatusReq;
			sourceTree = "<group>";
		};
		478628272EB64926004B9568 /* GrowthStatusRes */ = {
			isa = PBXGroup;
			children = (
				478628342EB65083004B9568 /* GetWeightsResModel.swift */,
				4786283A2EB652C9004B9568 /* GetHeightsResModel.swift */,
			);
			path = GrowthStatusRes;
			sourceTree = "<group>";
		};
		4786283D2EB65336004B9568 /* JourneyReq */ = {
			isa = PBXGroup;
			children = (
				4786283E2EB6537A004B9568 /* AddJourneyReqModel.swift */,
				478628452EB6560B004B9568 /* GetJourniesAtMonthReqModel.swift */,
			);
			path = JourneyReq;
			sourceTree = "<group>";
		};
		478628412EB65459004B9568 /* JourneyRes */ = {
			isa = PBXGroup;
			children = (
				478628422EB65473004B9568 /* GetJourniesAtMonthResModel.swift */,
			);
			path = JourneyRes;
			sourceTree = "<group>";
		};
		478628482EB657AF004B9568 /* MilestonesReq */ = {
			isa = PBXGroup;
			children = (
				478628502EB658BA004B9568 /* GetBabyMilestonesReqModel.swift */,
				4786284A2EB657E9004B9568 /* SetBabyMilestoneReqModel.swift */,
			);
			path = MilestonesReq;
			sourceTree = "<group>";
		};
		478628492EB657D7004B9568 /* MilestonesRes */ = {
			isa = PBXGroup;
			children = (
				478628532EB658F6004B9568 /* GetBabyMilestonesResModel.swift */,
			);
			path = MilestonesRes;
			sourceTree = "<group>";
		};
		6E64AFDD61054DEC8F1C8400 /* ViewModels */ = {
			isa = PBXGroup;
			children = (
				47EB09102EB2F63600134E8D /* FoodLibrary.swift */,
				ECDC3BF28872420E9588A0D5 /* PhotoViewModel.swift */,
				90FFC80991A844A1A14D342E /* GrowthViewModel.swift */,
			);
			path = ViewModels;
			sourceTree = "<group>";
		};
		803C4904B29A435F86D9C039 /* Repositories */ = {
			isa = PBXGroup;
			children = (
				475CF6732EB03EDE005AA61D /* GrowthRepository.swift */,
			);
			path = Repositories;
			sourceTree = "<group>";
		};
		8D1369C5D1734E50B45FF3FC /* Utilities */ = {
			isa = PBXGroup;
			children = (
				47EB0A122EB2FF0000134E8D /* ImageHelper.swift */,
				1C6BEF68AB1C4416BE5BC3B2 /* LocationManager.swift */,
				47EB090E2EB2F61A00134E8D /* Date+Extensions.swift */,
				9FD7CE022EB50FD300508130 /* UserDefault */,
			);
			path = Utilities;
			sourceTree = "<group>";
		};
		9FD7CE022EB50FD300508130 /* UserDefault */ = {
			isa = PBXGroup;
			children = (
				9FD7CE002EB50FD300508130 /* UserDefaultWrapper.swift */,
				9FD7CE012EB50FD300508130 /* UserToken.swift */,
			);
			path = UserDefault;
			sourceTree = "<group>";
		};
		9FD7CE0B2EB5101500508130 /* RequestModel */ = {
			isa = PBXGroup;
			children = (
				478628482EB657AF004B9568 /* MilestonesReq */,
				4786283D2EB65336004B9568 /* JourneyReq */,
				478628262EB648EF004B9568 /* GrowthStatusReq */,
				478628242EB6480A004B9568 /* BabyReq */,
				9FD7CE092EB5101500508130 /* AppleLoginReqModel.swift */,
			);
			path = RequestModel;
			sourceTree = "<group>";
		};
		9FD7CE122EB5101E00508130 /* ResponseModel */ = {
			isa = PBXGroup;
			children = (
				478628492EB657D7004B9568 /* MilestonesRes */,
				478628412EB65459004B9568 /* JourneyRes */,
				478628272EB64926004B9568 /* GrowthStatusRes */,
				478628252EB64834004B9568 /* BabyRes */,
				9FD7CE102EB5101E00508130 /* AppleLoginResModel.swift */,
			);
			path = ResponseModel;
			sourceTree = "<group>";
		};
/* End PBXGroup section */

/* Begin PBXNativeTarget section */
		05CD7FFF2EA5F5FF008C0940 /* babyMoa */ = {
			isa = PBXNativeTarget;
			buildConfigurationList = 05CD800B2EA5F600008C0940 /* Build configuration list for PBXNativeTarget "babyMoa" */;
			buildPhases = (
				05CD7FFC2EA5F5FF008C0940 /* Sources */,
				05CD7FFD2EA5F5FF008C0940 /* Frameworks */,
				05CD7FFE2EA5F5FF008C0940 /* Resources */,
			);
			buildRules = (
			);
			dependencies = (
			);
			fileSystemSynchronizedGroups = (
				47E2F9182EB0D38700EAC721 /* Baby */,
				47EB090C2EB2F5EF00134E8D /* DTOs */,
				47EB09142EB2F64200134E8D /* Food */,
				47EB09252EB2F7D700134E8D /* Recommend */,
				47EB09282EB2F7E200134E8D /* Food */,
				47EB09302EB2F7EA00134E8D /* DesignSystem */,
			);
			name = babyMoa;
			packageProductDependencies = (
			);
			productName = babyMoa;
			productReference = 05CD80002EA5F5FF008C0940 /* babyMoa.app */;
			productType = "com.apple.product-type.application";
		};
		9FD7CDE62EB50EFF00508130 /* babyMoaTests */ = {
			isa = PBXNativeTarget;
			buildConfigurationList = 9FD7CDEF2EB50EFF00508130 /* Build configuration list for PBXNativeTarget "babyMoaTests" */;
			buildPhases = (
				9FD7CDE32EB50EFF00508130 /* Sources */,
				9FD7CDE42EB50EFF00508130 /* Frameworks */,
				9FD7CDE52EB50EFF00508130 /* Resources */,
			);
			buildRules = (
			);
			dependencies = (
				9FD7CDEC2EB50EFF00508130 /* PBXTargetDependency */,
			);
			fileSystemSynchronizedGroups = (
				9FD7CDE82EB50EFF00508130 /* babyMoaTests */,
			);
			name = babyMoaTests;
			packageProductDependencies = (
			);
			productName = babyMoaTests;
			productReference = 9FD7CDE72EB50EFF00508130 /* babyMoaTests.xctest */;
			productType = "com.apple.product-type.bundle.unit-test";
		};
/* End PBXNativeTarget section */

/* Begin PBXProject section */
		05CD7FF82EA5F5FF008C0940 /* Project object */ = {
			isa = PBXProject;
			attributes = {
				BuildIndependentTargetsInParallel = 1;
				LastSwiftUpdateCheck = 1640;
				LastUpgradeCheck = 2600;
				TargetAttributes = {
					05CD7FFF2EA5F5FF008C0940 = {
						CreatedOnToolsVersion = 16.4;
					};
					9FD7CDE62EB50EFF00508130 = {
						CreatedOnToolsVersion = 16.4;
						TestTargetID = 05CD7FFF2EA5F5FF008C0940;
					};
				};
			};
			buildConfigurationList = 05CD7FFB2EA5F5FF008C0940 /* Build configuration list for PBXProject "babyMoa" */;
			developmentRegion = ko;
			hasScannedForEncodings = 0;
			knownRegions = (
				Base,
				ko,
			);
			mainGroup = 05CD7FF72EA5F5FF008C0940;
			minimizedProjectReferenceProxies = 1;
			preferredProjectObjectVersion = 77;
			productRefGroup = 05CD80012EA5F5FF008C0940 /* Products */;
			projectDirPath = "";
			projectRoot = "";
			targets = (
				05CD7FFF2EA5F5FF008C0940 /* babyMoa */,
				9FD7CDE62EB50EFF00508130 /* babyMoaTests */,
			);
		};
/* End PBXProject section */

/* Begin PBXResourcesBuildPhase section */
		05CD7FFE2EA5F5FF008C0940 /* Resources */ = {
			isa = PBXResourcesBuildPhase;
			buildActionMask = 2147483647;
			files = (
				05CD80122EA5F81F008C0940 /* Assets.xcassets in Resources */,
				05C5F0F92EA627C100C5AA86 /* Localizable.strings in Resources */,
			);
			runOnlyForDeploymentPostprocessing = 0;
		};
		9FD7CDE52EB50EFF00508130 /* Resources */ = {
			isa = PBXResourcesBuildPhase;
			buildActionMask = 2147483647;
			files = (
			);
			runOnlyForDeploymentPostprocessing = 0;
		};
/* End PBXResourcesBuildPhase section */

/* Begin PBXSourcesBuildPhase section */
		05CD7FFC2EA5F5FF008C0940 /* Sources */ = {
			isa = PBXSourcesBuildPhase;
			buildActionMask = 2147483647;
			files = (
				4A7C71C984754709B3EF085F /* GrowthData.swift in Sources */,
				47E7D18D2EAF8A73005A9CF0 /* GrowthRecordRow.swift in Sources */,
				478628442EB65475004B9568 /* GetJourniesAtMonthResModel.swift in Sources */,
				47E7D18E2EAF8A73005A9CF0 /* GrowthLabeledField.swift in Sources */,
				9FD7CE062EB50FD300508130 /* UserToken.swift in Sources */,
				478628522EB658CC004B9568 /* GetBabyMilestonesReqModel.swift in Sources */,
				9FD7CE082EB50FD300508130 /* UserDefaultWrapper.swift in Sources */,
				47E7D1902EAF8A73005A9CF0 /* GrowthEmptyStateView.swift in Sources */,
				47E7D1912EAF8A73005A9CF0 /* GrowthBottomButton.swift in Sources */,
				9FD7CE0E2EB5101500508130 /* RegisterBabyReqModel.swift in Sources */,
				9FD7CE0F2EB5101500508130 /* AppleLoginReqModel.swift in Sources */,
				47E7D1922EAF8A73005A9CF0 /* GrowthRulerInput.swift in Sources */,
				43FC48A93D8E4708B14FC4F5 /* GrowthViewModel.swift in Sources */,
				473F16412EAF641D0028BA97 /* AddWeightView.swift in Sources */,
				478628572EB661DC004B9568 /* GrowthAPIClient.swift in Sources */,
				478628542EB6590A004B9568 /* GetBabyMilestonesResModel.swift in Sources */,
				C8247DA4CC44432E9174A07E /* TokenManager.swift in Sources */,
				478627E72EB629B5004B9568 /* EmptyData.swift in Sources */,
				475CF6722EAFC88C005AA61D /* NewTooth.swift in Sources */,
				4786284C2EB657FA004B9568 /* SetBabyMilestoneReqModel.swift in Sources */,
				B699CEDFB3434646B3F3BFC7 /* BabyModel.swift in Sources */,
				478628302EB64E3E004B9568 /* SetHeightReqModel.swift in Sources */,
				3BCEDCD2C0964E7BB776504A /* MemoryData.swift in Sources */,
				4786283C2EB652C9004B9568 /* GetHeightsResModel.swift in Sources */,
				47E2F9172EB0942800EAC721 /* GrowthDataManager.swift in Sources */,
				1769449C008645FE9E4FCB80 /* APIService.swift in Sources */,
				ECBF6B3F8FD64247A6BA05A9 /* PhotoService.swift in Sources */,
				478627D22EB57F8F004B9568 /* RegisterBabyByCodeReqModel.swift in Sources */,
				47C693B72EAF1910004E5273 /* WeightView.swift in Sources */,
				9FD7CDFA2EB50F9C00508130 /* EndPoint.swift in Sources */,
				473F16432EAF818E0028BA97 /* GrowthMilestoneView.swift in Sources */,
				BFFA94CF318D441392F9CF49 /* LocationManager.swift in Sources */,
				936978613919405E9610A1C1 /* PhotoViewModel.swift in Sources */,
				47EB090F2EB2F61A00134E8D /* Date+Extensions.swift in Sources */,
				478627CF2EB57E3F004B9568 /* HttpClient.swift in Sources */,
				05C5F0FB2EA62D2600C5AA86 /* CapsuleTextStyle.swift in Sources */,
				05CD801B2EA611B1008C0940 /* SessionState.swift in Sources */,
				058857112EA8494700EAF72B /* GuardianInvitationCodeView.swift in Sources */,
				05CD802B2EA61FEF008C0940 /* AddBabyInvitationView.swift in Sources */,
				478628402EB6537A004B9568 /* AddJourneyReqModel.swift in Sources */,
				478628592EB661F9004B9568 /* GrowthAPIEndpoint.swift in Sources */,
				47E2F9152EB055E500EAC721 /* MainTabView.swift in Sources */,
				478627D52EB58001004B9568 /* RegisterBabyByCodeResModel.swift in Sources */,
				05CD80222EA61ECE008C0940 /* SignInView.swift in Sources */,
				9FD7CDF22EB50F8200508130 /* BabyMoaEndpoint.swift in Sources */,
				478628182EB63780004B9568 /* SetTeethStatusReqModel.swift in Sources */,
				0588570B2EA8287D00EAF72B /* TopNavigationBarView.swift in Sources */,
				058857152EA8768A00EAF72B /* GuardianCodeView.swift in Sources */,
				05CD80292EA61F57008C0940 /* AddBabyNewYesView.swift in Sources */,
				478628382EB6527A004B9568 /* GetHeightsReqModel.swift in Sources */,
				05CD80132EA5F81F008C0940 /* babyMoaApp.swift in Sources */,
				0588570E2EA8432F00EAF72B /* ProfileView.swift in Sources */,
				05CD80182EA5FDBA008C0940 /* ButtonComponents.swift in Sources */,
				4785ED4B2EAE62EB00DEC298 /* GrowthBabyHeader.swift in Sources */,
				478627DE2EB5D726004B9568 /* SetRelationshipWithBabyReqModel.swift in Sources */,
				478628352EB65083004B9568 /* GetWeightsResModel.swift in Sources */,
				4786281E2EB638E0004B9568 /* GetGrowthDataResModel.swift in Sources */,
				478628472EB6560B004B9568 /* GetJourniesAtMonthReqModel.swift in Sources */,
				473F163F2EAF64150028BA97 /* AddHeightView.swift in Sources */,
				4785ED4C2EAE62EB00DEC298 /* TeethView.swift in Sources */,
				4785ED4D2EAE62EB00DEC298 /* GrowthMetricButton.swift in Sources */,
				9FD7CE152EB5101E00508130 /* AppleLoginResModel.swift in Sources */,
				9FD7CE162EB5101E00508130 /* RegisterBabyResModel.swift in Sources */,
				4785ED4E2EAE62EB00DEC298 /* GrowthMilestoneCard.swift in Sources */,
				4785ED502EAE62EB00DEC298 /* MonthPickerView.swift in Sources */,
				47C693B52EAF1902004E5273 /* HeightView.swift in Sources */,
				475CF6742EB03EDE005AA61D /* GrowthRepository.swift in Sources */,
				4785ED512EAE62EB00DEC298 /* AllMilestonesButton.swift in Sources */,
				4785ED532EAE62EB00DEC298 /* AllMilestonesView.swift in Sources */,
				4785ED542EAE62EB00DEC298 /* GrowthView.swift in Sources */,
				4785ED552EAE62EB00DEC298 /* TeethCard.swift in Sources */,
				478628332EB64F41004B9568 /* GetWeightsReqModel.swift in Sources */,
				05CD801D2EA611C0008C0940 /* SessionManager.swift in Sources */,
				475CF66D2EAFC86A005AA61D /* ToothButton.swift in Sources */,
				47EB09112EB2F63600134E8D /* FoodLibrary.swift in Sources */,
				475CF66E2EAFC86A005AA61D /* TeethRecordListItem.swift in Sources */,
				47EB0A132EB2FF0000134E8D /* ImageHelper.swift in Sources */,
				9FD7CDF82EB50F9600508130 /* BaseResponse.swift in Sources */,
				475CF66F2EAFC86A005AA61D /* TeethDiagramCard.swift in Sources */,
				475CF6702EAFC86A005AA61D /* TeethRow.swift in Sources */,
				9FD7CDF42EB50F9100508130 /* BabyMoaService.swift in Sources */,
				05C5F0FD2EA63EFF00C5AA86 /* AddBabyTextFieldStyle.swift in Sources */,
				05CD80202EA61EC2008C0940 /* SignUpView.swift in Sources */,
				9FD7CDFE2EB50FA300508130 /* HTTPClient.swift in Sources */,
				058857132EA8581F00EAF72B /* GuardianAddSheetView.swift in Sources */,
				478628202EB64524004B9568 /* GetBabyListResModel.swift in Sources */,
				4786281B2EB638A6004B9568 /* GetGrowthDataReqModel.swift in Sources */,
				05CD80272EA61F2E008C0940 /* AddBabyNewView.swift in Sources */,
				05CD80252EA61F1E008C0940 /* AddBabyView.swift in Sources */,
				05DB6C312EAAEEF60043E76E /* KeyChainHelper.swift in Sources */,
				47DFD01A2EACCA4100E69E33 /* AddBabyNewNoView.swift in Sources */,
				05CD80142EA5F81F008C0940 /* ContentView.swift in Sources */,
				478628292EB64CD7004B9568 /* SetWeightReqModel.swift in Sources */,
			);
			runOnlyForDeploymentPostprocessing = 0;
		};
		9FD7CDE32EB50EFF00508130 /* Sources */ = {
			isa = PBXSourcesBuildPhase;
			buildActionMask = 2147483647;
			files = (
				4786282F2EB64E3E004B9568 /* SetHeightReqModel.swift in Sources */,
				478627D42EB58001004B9568 /* RegisterBabyByCodeResModel.swift in Sources */,
				478628432EB65475004B9568 /* GetJourniesAtMonthResModel.swift in Sources */,
				9FD7CDF12EB50F8200508130 /* BabyMoaEndpoint.swift in Sources */,
				9FD7CDFD2EB50FA300508130 /* HTTPClient.swift in Sources */,
				478628322EB64F41004B9568 /* GetWeightsReqModel.swift in Sources */,
				478628462EB6560B004B9568 /* GetJourniesAtMonthReqModel.swift in Sources */,
				478628172EB63780004B9568 /* SetTeethStatusReqModel.swift in Sources */,
				9FD7CDFB2EB50F9C00508130 /* EndPoint.swift in Sources */,
				4786283B2EB652C9004B9568 /* GetHeightsResModel.swift in Sources */,
				4786281A2EB638A6004B9568 /* GetGrowthDataReqModel.swift in Sources */,
				4786284B2EB657FA004B9568 /* SetBabyMilestoneReqModel.swift in Sources */,
				478628512EB658CC004B9568 /* GetBabyMilestonesReqModel.swift in Sources */,
				478628362EB65083004B9568 /* GetWeightsResModel.swift in Sources */,
				9FD7CE0C2EB5101500508130 /* RegisterBabyReqModel.swift in Sources */,
				478627DD2EB5D726004B9568 /* SetRelationshipWithBabyReqModel.swift in Sources */,
				478628212EB64524004B9568 /* GetBabyListResModel.swift in Sources */,
				9FD7CE132EB5101E00508130 /* AppleLoginResModel.swift in Sources */,
				9FD7CE142EB5101E00508130 /* RegisterBabyResModel.swift in Sources */,
				9FD7CE0D2EB5101500508130 /* AppleLoginReqModel.swift in Sources */,
				4786283F2EB6537A004B9568 /* AddJourneyReqModel.swift in Sources */,
				478628552EB6590A004B9568 /* GetBabyMilestonesResModel.swift in Sources */,
				9FD7CDF52EB50F9100508130 /* BabyMoaService.swift in Sources */,
				9FD7CDF72EB50F9600508130 /* BaseResponse.swift in Sources */,
				478628392EB6527A004B9568 /* GetHeightsReqModel.swift in Sources */,
				478627D12EB57F8F004B9568 /* RegisterBabyByCodeReqModel.swift in Sources */,
				9FD7CE032EB50FD300508130 /* UserToken.swift in Sources */,
				4786282A2EB64CD7004B9568 /* SetWeightReqModel.swift in Sources */,
				9FD7CE052EB50FD300508130 /* UserDefaultWrapper.swift in Sources */,
				4786281D2EB638E0004B9568 /* GetGrowthDataResModel.swift in Sources */,
				478627E62EB629B5004B9568 /* EmptyData.swift in Sources */,
			);
			runOnlyForDeploymentPostprocessing = 0;
		};
/* End PBXSourcesBuildPhase section */

/* Begin PBXTargetDependency section */
		9FD7CDEC2EB50EFF00508130 /* PBXTargetDependency */ = {
			isa = PBXTargetDependency;
			target = 05CD7FFF2EA5F5FF008C0940 /* babyMoa */;
			targetProxy = 9FD7CDEB2EB50EFF00508130 /* PBXContainerItemProxy */;
		};
/* End PBXTargetDependency section */

/* Begin PBXVariantGroup section */
		05C5F0F72EA627C100C5AA86 /* Localizable.strings */ = {
			isa = PBXVariantGroup;
			children = (
				05C5F0F82EA627C100C5AA86 /* ko */,
			);
			name = Localizable.strings;
			sourceTree = "<group>";
		};
/* End PBXVariantGroup section */

/* Begin XCBuildConfiguration section */
		05CD80092EA5F600008C0940 /* Debug */ = {
			isa = XCBuildConfiguration;
			buildSettings = {
				ALWAYS_SEARCH_USER_PATHS = NO;
				ASSETCATALOG_COMPILER_GENERATE_SWIFT_ASSET_SYMBOL_EXTENSIONS = YES;
				CLANG_ANALYZER_LOCALIZABILITY_NONLOCALIZED = YES;
				CLANG_ANALYZER_NONNULL = YES;
				CLANG_ANALYZER_NUMBER_OBJECT_CONVERSION = YES_AGGRESSIVE;
				CLANG_CXX_LANGUAGE_STANDARD = "gnu++20";
				CLANG_ENABLE_MODULES = YES;
				CLANG_ENABLE_OBJC_ARC = YES;
				CLANG_ENABLE_OBJC_WEAK = YES;
				CLANG_WARN_BLOCK_CAPTURE_AUTORELEASING = YES;
				CLANG_WARN_BOOL_CONVERSION = YES;
				CLANG_WARN_COMMA = YES;
				CLANG_WARN_CONSTANT_CONVERSION = YES;
				CLANG_WARN_DEPRECATED_OBJC_IMPLEMENTATIONS = YES;
				CLANG_WARN_DIRECT_OBJC_ISA_USAGE = YES_ERROR;
				CLANG_WARN_DOCUMENTATION_COMMENTS = YES;
				CLANG_WARN_EMPTY_BODY = YES;
				CLANG_WARN_ENUM_CONVERSION = YES;
				CLANG_WARN_INFINITE_RECURSION = YES;
				CLANG_WARN_INT_CONVERSION = YES;
				CLANG_WARN_NON_LITERAL_NULL_CONVERSION = YES;
				CLANG_WARN_OBJC_IMPLICIT_RETAIN_SELF = YES;
				CLANG_WARN_OBJC_LITERAL_CONVERSION = YES;
				CLANG_WARN_OBJC_ROOT_CLASS = YES_ERROR;
				CLANG_WARN_QUOTED_INCLUDE_IN_FRAMEWORK_HEADER = YES;
				CLANG_WARN_RANGE_LOOP_ANALYSIS = YES;
				CLANG_WARN_STRICT_PROTOTYPES = YES;
				CLANG_WARN_SUSPICIOUS_MOVE = YES;
				CLANG_WARN_UNGUARDED_AVAILABILITY = YES_AGGRESSIVE;
				CLANG_WARN_UNREACHABLE_CODE = YES;
				CLANG_WARN__DUPLICATE_METHOD_MATCH = YES;
				COPY_PHASE_STRIP = NO;
				DEBUG_INFORMATION_FORMAT = dwarf;
				ENABLE_STRICT_OBJC_MSGSEND = YES;
				ENABLE_TESTABILITY = YES;
				ENABLE_USER_SCRIPT_SANDBOXING = YES;
				GCC_C_LANGUAGE_STANDARD = gnu17;
				GCC_DYNAMIC_NO_PIC = NO;
				GCC_NO_COMMON_BLOCKS = YES;
				GCC_OPTIMIZATION_LEVEL = 0;
				GCC_PREPROCESSOR_DEFINITIONS = (
					"DEBUG=1",
					"$(inherited)",
				);
				GCC_WARN_64_TO_32_BIT_CONVERSION = YES;
				GCC_WARN_ABOUT_RETURN_TYPE = YES_ERROR;
				GCC_WARN_UNDECLARED_SELECTOR = YES;
				GCC_WARN_UNINITIALIZED_AUTOS = YES_AGGRESSIVE;
				GCC_WARN_UNUSED_FUNCTION = YES;
				GCC_WARN_UNUSED_VARIABLE = YES;
				IPHONEOS_DEPLOYMENT_TARGET = 18.5;
				LOCALIZATION_PREFERS_STRING_CATALOGS = YES;
				MTL_ENABLE_DEBUG_INFO = INCLUDE_SOURCE;
				MTL_FAST_MATH = YES;
				ONLY_ACTIVE_ARCH = YES;
				SDKROOT = iphoneos;
				STRING_CATALOG_GENERATE_SYMBOLS = YES;
				SWIFT_ACTIVE_COMPILATION_CONDITIONS = "DEBUG $(inherited)";
				SWIFT_OPTIMIZATION_LEVEL = "-Onone";
			};
			name = Debug;
		};
		05CD800A2EA5F600008C0940 /* Release */ = {
			isa = XCBuildConfiguration;
			buildSettings = {
				ALWAYS_SEARCH_USER_PATHS = NO;
				ASSETCATALOG_COMPILER_GENERATE_SWIFT_ASSET_SYMBOL_EXTENSIONS = YES;
				CLANG_ANALYZER_LOCALIZABILITY_NONLOCALIZED = YES;
				CLANG_ANALYZER_NONNULL = YES;
				CLANG_ANALYZER_NUMBER_OBJECT_CONVERSION = YES_AGGRESSIVE;
				CLANG_CXX_LANGUAGE_STANDARD = "gnu++20";
				CLANG_ENABLE_MODULES = YES;
				CLANG_ENABLE_OBJC_ARC = YES;
				CLANG_ENABLE_OBJC_WEAK = YES;
				CLANG_WARN_BLOCK_CAPTURE_AUTORELEASING = YES;
				CLANG_WARN_BOOL_CONVERSION = YES;
				CLANG_WARN_COMMA = YES;
				CLANG_WARN_CONSTANT_CONVERSION = YES;
				CLANG_WARN_DEPRECATED_OBJC_IMPLEMENTATIONS = YES;
				CLANG_WARN_DIRECT_OBJC_ISA_USAGE = YES_ERROR;
				CLANG_WARN_DOCUMENTATION_COMMENTS = YES;
				CLANG_WARN_EMPTY_BODY = YES;
				CLANG_WARN_ENUM_CONVERSION = YES;
				CLANG_WARN_INFINITE_RECURSION = YES;
				CLANG_WARN_INT_CONVERSION = YES;
				CLANG_WARN_NON_LITERAL_NULL_CONVERSION = YES;
				CLANG_WARN_OBJC_IMPLICIT_RETAIN_SELF = YES;
				CLANG_WARN_OBJC_LITERAL_CONVERSION = YES;
				CLANG_WARN_OBJC_ROOT_CLASS = YES_ERROR;
				CLANG_WARN_QUOTED_INCLUDE_IN_FRAMEWORK_HEADER = YES;
				CLANG_WARN_RANGE_LOOP_ANALYSIS = YES;
				CLANG_WARN_STRICT_PROTOTYPES = YES;
				CLANG_WARN_SUSPICIOUS_MOVE = YES;
				CLANG_WARN_UNGUARDED_AVAILABILITY = YES_AGGRESSIVE;
				CLANG_WARN_UNREACHABLE_CODE = YES;
				CLANG_WARN__DUPLICATE_METHOD_MATCH = YES;
				COPY_PHASE_STRIP = NO;
				DEBUG_INFORMATION_FORMAT = "dwarf-with-dsym";
				ENABLE_NS_ASSERTIONS = NO;
				ENABLE_STRICT_OBJC_MSGSEND = YES;
				ENABLE_USER_SCRIPT_SANDBOXING = YES;
				GCC_C_LANGUAGE_STANDARD = gnu17;
				GCC_NO_COMMON_BLOCKS = YES;
				GCC_WARN_64_TO_32_BIT_CONVERSION = YES;
				GCC_WARN_ABOUT_RETURN_TYPE = YES_ERROR;
				GCC_WARN_UNDECLARED_SELECTOR = YES;
				GCC_WARN_UNINITIALIZED_AUTOS = YES_AGGRESSIVE;
				GCC_WARN_UNUSED_FUNCTION = YES;
				GCC_WARN_UNUSED_VARIABLE = YES;
				IPHONEOS_DEPLOYMENT_TARGET = 18.5;
				LOCALIZATION_PREFERS_STRING_CATALOGS = YES;
				MTL_ENABLE_DEBUG_INFO = NO;
				MTL_FAST_MATH = YES;
				SDKROOT = iphoneos;
				STRING_CATALOG_GENERATE_SYMBOLS = YES;
				SWIFT_COMPILATION_MODE = wholemodule;
				VALIDATE_PRODUCT = YES;
			};
			name = Release;
		};
		05CD800C2EA5F600008C0940 /* Debug */ = {
			isa = XCBuildConfiguration;
			buildSettings = {
				ASSETCATALOG_COMPILER_APPICON_NAME = AppIcon;
				ASSETCATALOG_COMPILER_GLOBAL_ACCENT_COLOR_NAME = AccentColor;
				CODE_SIGN_IDENTITY = "Apple Development";
				CODE_SIGN_STYLE = Automatic;
				CURRENT_PROJECT_VERSION = 1;
				DEVELOPMENT_TEAM = ZP2P7SHATC;
				ENABLE_PREVIEWS = YES;
				GENERATE_INFOPLIST_FILE = YES;
				INFOPLIST_FILE = babyMoa/Info.plist;
				INFOPLIST_KEY_UIApplicationSceneManifest_Generation = YES;
				INFOPLIST_KEY_UIApplicationSupportsIndirectInputEvents = YES;
				INFOPLIST_KEY_UILaunchScreen_Generation = YES;
				INFOPLIST_KEY_UISupportedInterfaceOrientations_iPad = "UIInterfaceOrientationPortrait UIInterfaceOrientationPortraitUpsideDown UIInterfaceOrientationLandscapeLeft UIInterfaceOrientationLandscapeRight";
				INFOPLIST_KEY_UISupportedInterfaceOrientations_iPhone = "UIInterfaceOrientationPortrait UIInterfaceOrientationLandscapeLeft UIInterfaceOrientationLandscapeRight";
				IPHONEOS_DEPLOYMENT_TARGET = 18.6;
				LD_RUNPATH_SEARCH_PATHS = (
					"$(inherited)",
					"@executable_path/Frameworks",
				);
				MARKETING_VERSION = 1.0;
				PRODUCT_BUNDLE_IDENTIFIER = BabaTutorial.babyMoa;
				PRODUCT_NAME = "$(TARGET_NAME)";
				PROVISIONING_PROFILE_SPECIFIER = "";
				SWIFT_EMIT_LOC_STRINGS = YES;
				SWIFT_VERSION = 5.0;
				TARGETED_DEVICE_FAMILY = "1,2";
			};
			name = Debug;
		};
		05CD800D2EA5F600008C0940 /* Release */ = {
			isa = XCBuildConfiguration;
			buildSettings = {
				ASSETCATALOG_COMPILER_APPICON_NAME = AppIcon;
				ASSETCATALOG_COMPILER_GLOBAL_ACCENT_COLOR_NAME = AccentColor;
				CODE_SIGN_IDENTITY = "Apple Development";
				CODE_SIGN_STYLE = Automatic;
				CURRENT_PROJECT_VERSION = 1;
				DEVELOPMENT_TEAM = ZP2P7SHATC;
				ENABLE_PREVIEWS = YES;
				GENERATE_INFOPLIST_FILE = YES;
				INFOPLIST_FILE = babyMoa/Info.plist;
				INFOPLIST_KEY_UIApplicationSceneManifest_Generation = YES;
				INFOPLIST_KEY_UIApplicationSupportsIndirectInputEvents = YES;
				INFOPLIST_KEY_UILaunchScreen_Generation = YES;
				INFOPLIST_KEY_UISupportedInterfaceOrientations_iPad = "UIInterfaceOrientationPortrait UIInterfaceOrientationPortraitUpsideDown UIInterfaceOrientationLandscapeLeft UIInterfaceOrientationLandscapeRight";
				INFOPLIST_KEY_UISupportedInterfaceOrientations_iPhone = "UIInterfaceOrientationPortrait UIInterfaceOrientationLandscapeLeft UIInterfaceOrientationLandscapeRight";
				IPHONEOS_DEPLOYMENT_TARGET = 18.6;
				LD_RUNPATH_SEARCH_PATHS = (
					"$(inherited)",
					"@executable_path/Frameworks",
				);
				MARKETING_VERSION = 1.0;
				PRODUCT_BUNDLE_IDENTIFIER = BabaTutorial.babyMoa;
				PRODUCT_NAME = "$(TARGET_NAME)";
				PROVISIONING_PROFILE_SPECIFIER = "";
				SWIFT_EMIT_LOC_STRINGS = YES;
				SWIFT_VERSION = 5.0;
				TARGETED_DEVICE_FAMILY = "1,2";
			};
			name = Release;
		};
		9FD7CDED2EB50EFF00508130 /* Debug */ = {
			isa = XCBuildConfiguration;
			buildSettings = {
				BUNDLE_LOADER = "$(TEST_HOST)";
				CODE_SIGN_STYLE = Automatic;
				CURRENT_PROJECT_VERSION = 1;
				DEVELOPMENT_TEAM = ZP2P7SHATC;
				GENERATE_INFOPLIST_FILE = YES;
				INFOPLIST_FILE = babyMoaTests/Info.plist;
				IPHONEOS_DEPLOYMENT_TARGET = 18.6;
				MARKETING_VERSION = 1.0;
				PRODUCT_BUNDLE_IDENTIFIER = com.keonheehan.designsystemexample.babyMoaTests;
				PRODUCT_NAME = "$(TARGET_NAME)";
				SWIFT_EMIT_LOC_STRINGS = NO;
				SWIFT_VERSION = 5.0;
				TARGETED_DEVICE_FAMILY = "1,2";
				TEST_HOST = "$(BUILT_PRODUCTS_DIR)/babyMoa.app/$(BUNDLE_EXECUTABLE_FOLDER_PATH)/babyMoa";
			};
			name = Debug;
		};
		9FD7CDEE2EB50EFF00508130 /* Release */ = {
			isa = XCBuildConfiguration;
			buildSettings = {
				BUNDLE_LOADER = "$(TEST_HOST)";
				CODE_SIGN_STYLE = Automatic;
				CURRENT_PROJECT_VERSION = 1;
				DEVELOPMENT_TEAM = ZP2P7SHATC;
				GENERATE_INFOPLIST_FILE = YES;
				INFOPLIST_FILE = babyMoaTests/Info.plist;
				IPHONEOS_DEPLOYMENT_TARGET = 18.6;
				MARKETING_VERSION = 1.0;
				PRODUCT_BUNDLE_IDENTIFIER = com.keonheehan.designsystemexample.babyMoaTests;
				PRODUCT_NAME = "$(TARGET_NAME)";
				SWIFT_EMIT_LOC_STRINGS = NO;
				SWIFT_VERSION = 5.0;
				TARGETED_DEVICE_FAMILY = "1,2";
				TEST_HOST = "$(BUILT_PRODUCTS_DIR)/babyMoa.app/$(BUNDLE_EXECUTABLE_FOLDER_PATH)/babyMoa";
			};
			name = Release;
		};
/* End XCBuildConfiguration section */

/* Begin XCConfigurationList section */
		05CD7FFB2EA5F5FF008C0940 /* Build configuration list for PBXProject "babyMoa" */ = {
			isa = XCConfigurationList;
			buildConfigurations = (
				05CD80092EA5F600008C0940 /* Debug */,
				05CD800A2EA5F600008C0940 /* Release */,
			);
			defaultConfigurationIsVisible = 0;
			defaultConfigurationName = Release;
		};
		05CD800B2EA5F600008C0940 /* Build configuration list for PBXNativeTarget "babyMoa" */ = {
			isa = XCConfigurationList;
			buildConfigurations = (
				05CD800C2EA5F600008C0940 /* Debug */,
				05CD800D2EA5F600008C0940 /* Release */,
			);
			defaultConfigurationIsVisible = 0;
			defaultConfigurationName = Release;
		};
		9FD7CDEF2EB50EFF00508130 /* Build configuration list for PBXNativeTarget "babyMoaTests" */ = {
			isa = XCConfigurationList;
			buildConfigurations = (
				9FD7CDED2EB50EFF00508130 /* Debug */,
				9FD7CDEE2EB50EFF00508130 /* Release */,
			);
			defaultConfigurationIsVisible = 0;
			defaultConfigurationName = Release;
		};
/* End XCConfigurationList section */
	};
	rootObject = 05CD7FF82EA5F5FF008C0940 /* Project object */;
}
